
Microsoft Visual Studio Solution File, Format Version 12.00
# Visual Studio 2012
Project("{FAE04EC0-301F-11D3-BF4B-00C04F79EFBC}") = "StackOverflowClone", "StackOverflowClone.csproj", "{D603315A-0BE2-44F2-8B90-62FC36982FEF}"
EndProject
Global
	GlobalSection(SolutionConfigurationPlatforms) = preSolution
		Debug|Any CPU = Debug|Any CPU
		Release|Any CPU = Release|Any CPU
	EndGlobalSection
	GlobalSection(ProjectConfigurationPlatforms) = postSolution
		{D603315A-0BE2-44F2-8B90-62FC36982FEF}.Debug|Any CPU.ActiveCfg = Debug|Any CPU
		{D603315A-0BE2-44F2-8B90-62FC36982FEF}.Debug|Any CPU.Build.0 = Debug|Any CPU
		{D603315A-0BE2-44F2-8B90-62FC36982FEF}.Release|Any CPU.ActiveCfg = Release|Any CPU
		{D603315A-0BE2-44F2-8B90-62FC36982FEF}.Release|Any CPU.Build.0 = Release|Any CPU
	EndGlobalSection
EndGlobal
